
Microsoft Visual Studio Solution File, Format Version 12.00
# Visual Studio Version 16
VisualStudioVersion = 16.0.28803.202
MinimumVisualStudioVersion = 10.0.40219.1
Project("{FAE04EC0-301F-11D3-BF4B-00C04F79EFBC}") = "CodeCleanup", "CodeCleanup\CodeCleanup.csproj", "{9552E9FD-6D13-41FE-9DEB-99C4FD2A2A18}"
EndProject
Global
	GlobalSection(SolutionConfigurationPlatforms) = preSolution
		Debug|Any CPU = Debug|Any CPU
		Release|Any CPU = Release|Any CPU
	EndGlobalSection
	GlobalSection(ProjectConfigurationPlatforms) = postSolution
		{9552E9FD-6D13-41FE-9DEB-99C4FD2A2A18}.Debug|Any CPU.ActiveCfg = Debug|Any CPU
		{9552E9FD-6D13-41FE-9DEB-99C4FD2A2A18}.Debug|Any CPU.Build.0 = Debug|Any CPU
		{9552E9FD-6D13-41FE-9DEB-99C4FD2A2A18}.Release|Any CPU.ActiveCfg = Release|Any CPU
		{9552E9FD-6D13-41FE-9DEB-99C4FD2A2A18}.Release|Any CPU.Build.0 = Release|Any CPU
	EndGlobalSection
	GlobalSection(SolutionProperties) = preSolution
		HideSolutionNode = FALSE
	EndGlobalSection
	GlobalSection(ExtensibilityGlobals) = postSolution
		SolutionGuid = {45C7161F-F9F4-4E41-B89C-494EB5DC2342}
	EndGlobalSection
EndGlobal
